
Microsoft Visual Studio Solution File, Format Version 12.00
# Visual Studio Version 16
VisualStudioVersion = 16.0.30907.101
MinimumVisualStudioVersion = 10.0.40219.1
Project("{FAE04EC0-301F-11D3-BF4B-00C04F79EFBC}") = "SwivelAcademyWEB", "SwivelAcademyWEB\SwivelAcademyWEB.csproj", "{7334716D-40E4-4601-BF13-5E4D570726B1}"
EndProject
Project("{FAE04EC0-301F-11D3-BF4B-00C04F79EFBC}") = "SwivelAcademyAPI", "SwivelAcademyAPI\SwivelAcademyAPI.csproj", "{C24EE915-2AFB-4907-BB6B-2A9A0EDA804E}"
EndProject
Global
	GlobalSection(SolutionConfigurationPlatforms) = preSolution
		Debug|Any CPU = Debug|Any CPU
		Release|Any CPU = Release|Any CPU
	EndGlobalSection
	GlobalSection(ProjectConfigurationPlatforms) = postSolution
		{7334716D-40E4-4601-BF13-5E4D570726B1}.Debug|Any CPU.ActiveCfg = Debug|Any CPU
		{7334716D-40E4-4601-BF13-5E4D570726B1}.Debug|Any CPU.Build.0 = Debug|Any CPU
		{7334716D-40E4-4601-BF13-5E4D570726B1}.Release|Any CPU.ActiveCfg = Release|Any CPU
		{7334716D-40E4-4601-BF13-5E4D570726B1}.Release|Any CPU.Build.0 = Release|Any CPU
		{C24EE915-2AFB-4907-BB6B-2A9A0EDA804E}.Debug|Any CPU.ActiveCfg = Debug|Any CPU
		{C24EE915-2AFB-4907-BB6B-2A9A0EDA804E}.Debug|Any CPU.Build.0 = Debug|Any CPU
		{C24EE915-2AFB-4907-BB6B-2A9A0EDA804E}.Release|Any CPU.ActiveCfg = Release|Any CPU
		{C24EE915-2AFB-4907-BB6B-2A9A0EDA804E}.Release|Any CPU.Build.0 = Release|Any CPU
	EndGlobalSection
	GlobalSection(SolutionProperties) = preSolution
		HideSolutionNode = FALSE
	EndGlobalSection
	GlobalSection(ExtensibilityGlobals) = postSolution
		SolutionGuid = {F09B89A8-D011-4CA3-A446-C7151AB7F931}
	EndGlobalSection
EndGlobal
